schema: '2.0'
stages:
  load_data:
    cmd: python src/load_data.py --config=params.yaml
    deps:
    - path: data_given\winequality.csv
      md5: ccc8d3507eb151f53f760d36abdef888
      size: 91998
    - path: src\get_data.py
      md5: 9e29e9b2f5a9e56d07fdd869070c4e69
      size: 639
    - path: src\load_data.py
      md5: 563d2decbb1b5d908fe1d7d314940698
      size: 669
    outs:
    - path: data\raw\winequality.csv
      md5: d98e8f2eca228c11c4de1cc96866a54d
      size: 93598
